
Microsoft Visual Studio Solution File, Format Version 12.00
# Visual Studio Version 16
VisualStudioVersion = 16.0.32510.428
MinimumVisualStudioVersion = 10.0.40219.1
Project("{FAE04EC0-301F-11D3-BF4B-00C04F79EFBC}") = "StudentManagement", "StudentManagement.csproj", "{BB1AB6E8-E953-4B89-9D75-5CC8FE9271C1}"
EndProject
Global
	GlobalSection(SolutionConfigurationPlatforms) = preSolution
		Debug|Any CPU = Debug|Any CPU
		Release|Any CPU = Release|Any CPU
	EndGlobalSection
	GlobalSection(ProjectConfigurationPlatforms) = postSolution
		{BB1AB6E8-E953-4B89-9D75-5CC8FE9271C1}.Debug|Any CPU.ActiveCfg = Debug|Any CPU
		{BB1AB6E8-E953-4B89-9D75-5CC8FE9271C1}.Debug|Any CPU.Build.0 = Debug|Any CPU
		{BB1AB6E8-E953-4B89-9D75-5CC8FE9271C1}.Release|Any CPU.ActiveCfg = Release|Any CPU
		{BB1AB6E8-E953-4B89-9D75-5CC8FE9271C1}.Release|Any CPU.Build.0 = Release|Any CPU
	EndGlobalSection
	GlobalSection(SolutionProperties) = preSolution
		HideSolutionNode = FALSE
	EndGlobalSection
	GlobalSection(ExtensibilityGlobals) = postSolution
		SolutionGuid = {F7E0B9BF-165D-45CF-8A15-0E660C2B48D3}
	EndGlobalSection
EndGlobal
